
Microsoft Visual Studio Solution File, Format Version 12.00
# Visual Studio Version 16
VisualStudioVersion = 16.0.29326.143
MinimumVisualStudioVersion = 10.0.40219.1
Project("{9A19103F-16F7-4668-BE54-9A1E7A4F7556}") = "GimmeTheLoot", "GimmeTheLoot\GimmeTheLoot.csproj", "{99847F24-C05C-4B4A-8479-78D5DEFEAE91}"
EndProject
Project("{9A19103F-16F7-4668-BE54-9A1E7A4F7556}") = "MvcPagedList.Core", "MvcPagedList.Core\MvcPagedList.Core.csproj", "{635A806E-29BD-4D2D-93AD-A5ADE43A75F5}"
EndProject
Project("{9A19103F-16F7-4668-BE54-9A1E7A4F7556}") = "MvcPagedList.Core.Test", "MvcPagedList.Core.Test\MvcPagedList.Core.Test.csproj", "{625FC33C-4F3F-4165-BC3B-B88A126D1A34}"
EndProject
Global
	GlobalSection(SolutionConfigurationPlatforms) = preSolution
		Debug|Any CPU = Debug|Any CPU
		Release|Any CPU = Release|Any CPU
	EndGlobalSection
	GlobalSection(ProjectConfigurationPlatforms) = postSolution
		{99847F24-C05C-4B4A-8479-78D5DEFEAE91}.Debug|Any CPU.ActiveCfg = Debug|Any CPU
		{99847F24-C05C-4B4A-8479-78D5DEFEAE91}.Debug|Any CPU.Build.0 = Debug|Any CPU
		{99847F24-C05C-4B4A-8479-78D5DEFEAE91}.Release|Any CPU.ActiveCfg = Release|Any CPU
		{99847F24-C05C-4B4A-8479-78D5DEFEAE91}.Release|Any CPU.Build.0 = Release|Any CPU
		{635A806E-29BD-4D2D-93AD-A5ADE43A75F5}.Debug|Any CPU.ActiveCfg = Debug|Any CPU
		{635A806E-29BD-4D2D-93AD-A5ADE43A75F5}.Debug|Any CPU.Build.0 = Debug|Any CPU
		{635A806E-29BD-4D2D-93AD-A5ADE43A75F5}.Release|Any CPU.ActiveCfg = Release|Any CPU
		{635A806E-29BD-4D2D-93AD-A5ADE43A75F5}.Release|Any CPU.Build.0 = Release|Any CPU
		{625FC33C-4F3F-4165-BC3B-B88A126D1A34}.Debug|Any CPU.ActiveCfg = Debug|Any CPU
		{625FC33C-4F3F-4165-BC3B-B88A126D1A34}.Debug|Any CPU.Build.0 = Debug|Any CPU
		{625FC33C-4F3F-4165-BC3B-B88A126D1A34}.Release|Any CPU.ActiveCfg = Release|Any CPU
		{625FC33C-4F3F-4165-BC3B-B88A126D1A34}.Release|Any CPU.Build.0 = Release|Any CPU
	EndGlobalSection
	GlobalSection(SolutionProperties) = preSolution
		HideSolutionNode = FALSE
	EndGlobalSection
	GlobalSection(ExtensibilityGlobals) = postSolution
		SolutionGuid = {31985EC4-335A-48CC-B676-6DE2241651AD}
	EndGlobalSection
EndGlobal
