
Microsoft Visual Studio Solution File, Format Version 12.00
# Visual Studio Version 16
VisualStudioVersion = 16.0.29326.143
MinimumVisualStudioVersion = 10.0.40219.1
Project("{9A19103F-16F7-4668-BE54-9A1E7A4F7556}") = "GimmeTheLoot", "GimmeTheLoot\GimmeTheLoot.csproj", "{99847F24-C05C-4B4A-8479-78D5DEFEAE91}"
EndProject
Project("{9A19103F-16F7-4668-BE54-9A1E7A4F7556}") = "MvcPagedList.Core", "C:\Users\vlad\Desktop\MvcPagedList.Core-master\MvcPagedList.Core\MvcPagedList.Core.csproj", "{748589A1-3C52-4895-9B83-4639A58D8223}"
EndProject
Global
	GlobalSection(SolutionConfigurationPlatforms) = preSolution
		Debug|Any CPU = Debug|Any CPU
		Release|Any CPU = Release|Any CPU
	EndGlobalSection
	GlobalSection(ProjectConfigurationPlatforms) = postSolution
		{99847F24-C05C-4B4A-8479-78D5DEFEAE91}.Debug|Any CPU.ActiveCfg = Debug|Any CPU
		{99847F24-C05C-4B4A-8479-78D5DEFEAE91}.Debug|Any CPU.Build.0 = Debug|Any CPU
		{99847F24-C05C-4B4A-8479-78D5DEFEAE91}.Release|Any CPU.ActiveCfg = Release|Any CPU
		{99847F24-C05C-4B4A-8479-78D5DEFEAE91}.Release|Any CPU.Build.0 = Release|Any CPU
		{748589A1-3C52-4895-9B83-4639A58D8223}.Debug|Any CPU.ActiveCfg = Debug|Any CPU
		{748589A1-3C52-4895-9B83-4639A58D8223}.Debug|Any CPU.Build.0 = Debug|Any CPU
		{748589A1-3C52-4895-9B83-4639A58D8223}.Release|Any CPU.ActiveCfg = Release|Any CPU
		{748589A1-3C52-4895-9B83-4639A58D8223}.Release|Any CPU.Build.0 = Release|Any CPU
	EndGlobalSection
	GlobalSection(SolutionProperties) = preSolution
		HideSolutionNode = FALSE
	EndGlobalSection
	GlobalSection(ExtensibilityGlobals) = postSolution
		SolutionGuid = {31985EC4-335A-48CC-B676-6DE2241651AD}
	EndGlobalSection
EndGlobal
